
Microsoft Visual Studio Solution File, Format Version 12.00
# Visual Studio 15
VisualStudioVersion = 15.0.28010.2050
MinimumVisualStudioVersion = 10.0.40219.1
Project("{8BC9CEB8-8B4A-11D0-8D11-00A0C91BC942}") = "控制台版", "控制台版\控制台版.vcxproj", "{D0FB1002-CF38-466F-8D58-25829D4ABF9A}"
EndProject
Project("{8BC9CEB8-8B4A-11D0-8D11-00A0C91BC942}") = "ProcessHacker", "ProcessHacker\ProcessHacker.vcxproj", "{828AFD61-12F8-4EE2-8113-4438A9E31506}"
EndProject
Project("{8BC9CEB8-8B4A-11D0-8D11-00A0C91BC942}") = "RW", "RW\RW.vcxproj", "{C8BB4BBB-4FA2-4A6A-83FB-4DF9C78F015F}"
EndProject
Project("{8BC9CEB8-8B4A-11D0-8D11-00A0C91BC942}") = "RW2", "RW2\RW2.vcxproj", "{71064C91-6E62-404F-BD61-C309619DFEBA}"
EndProject
Global
	GlobalSection(SolutionConfigurationPlatforms) = preSolution
		Debug|ARM = Debug|ARM
		Debug|ARM64 = Debug|ARM64
		Debug|x64 = Debug|x64
		Debug|x86 = Debug|x86
		Release|ARM = Release|ARM
		Release|ARM64 = Release|ARM64
		Release|x64 = Release|x64
		Release|x86 = Release|x86
	EndGlobalSection
	GlobalSection(ProjectConfigurationPlatforms) = postSolution
		{D0FB1002-CF38-466F-8D58-25829D4ABF9A}.Debug|ARM.ActiveCfg = Debug|Win32
		{D0FB1002-CF38-466F-8D58-25829D4ABF9A}.Debug|ARM64.ActiveCfg = Debug|Win32
		{D0FB1002-CF38-466F-8D58-25829D4ABF9A}.Debug|x64.ActiveCfg = Debug|x64
		{D0FB1002-CF38-466F-8D58-25829D4ABF9A}.Debug|x64.Build.0 = Debug|x64
		{D0FB1002-CF38-466F-8D58-25829D4ABF9A}.Debug|x86.ActiveCfg = Debug|Win32
		{D0FB1002-CF38-466F-8D58-25829D4ABF9A}.Debug|x86.Build.0 = Debug|Win32
		{D0FB1002-CF38-466F-8D58-25829D4ABF9A}.Release|ARM.ActiveCfg = Release|Win32
		{D0FB1002-CF38-466F-8D58-25829D4ABF9A}.Release|ARM64.ActiveCfg = Release|Win32
		{D0FB1002-CF38-466F-8D58-25829D4ABF9A}.Release|x64.ActiveCfg = Release|x64
		{D0FB1002-CF38-466F-8D58-25829D4ABF9A}.Release|x64.Build.0 = Release|x64
		{D0FB1002-CF38-466F-8D58-25829D4ABF9A}.Release|x86.ActiveCfg = Release|Win32
		{D0FB1002-CF38-466F-8D58-25829D4ABF9A}.Release|x86.Build.0 = Release|Win32
		{828AFD61-12F8-4EE2-8113-4438A9E31506}.Debug|ARM.ActiveCfg = Debug|ARM
		{828AFD61-12F8-4EE2-8113-4438A9E31506}.Debug|ARM.Build.0 = Debug|ARM
		{828AFD61-12F8-4EE2-8113-4438A9E31506}.Debug|ARM.Deploy.0 = Debug|ARM
		{828AFD61-12F8-4EE2-8113-4438A9E31506}.Debug|ARM64.ActiveCfg = Debug|ARM64
		{828AFD61-12F8-4EE2-8113-4438A9E31506}.Debug|ARM64.Build.0 = Debug|ARM64
		{828AFD61-12F8-4EE2-8113-4438A9E31506}.Debug|ARM64.Deploy.0 = Debug|ARM64
		{828AFD61-12F8-4EE2-8113-4438A9E31506}.Debug|x64.ActiveCfg = Debug|x64
		{828AFD61-12F8-4EE2-8113-4438A9E31506}.Debug|x64.Build.0 = Debug|x64
		{828AFD61-12F8-4EE2-8113-4438A9E31506}.Debug|x64.Deploy.0 = Debug|x64
		{828AFD61-12F8-4EE2-8113-4438A9E31506}.Debug|x86.ActiveCfg = Debug|Win32
		{828AFD61-12F8-4EE2-8113-4438A9E31506}.Debug|x86.Build.0 = Debug|Win32
		{828AFD61-12F8-4EE2-8113-4438A9E31506}.Debug|x86.Deploy.0 = Debug|Win32
		{828AFD61-12F8-4EE2-8113-4438A9E31506}.Release|ARM.ActiveCfg = Release|ARM
		{828AFD61-12F8-4EE2-8113-4438A9E31506}.Release|ARM.Build.0 = Release|ARM
		{828AFD61-12F8-4EE2-8113-4438A9E31506}.Release|ARM.Deploy.0 = Release|ARM
		{828AFD61-12F8-4EE2-8113-4438A9E31506}.Release|ARM64.ActiveCfg = Release|ARM
		{828AFD61-12F8-4EE2-8113-4438A9E31506}.Release|ARM64.Build.0 = Release|ARM
		{828AFD61-12F8-4EE2-8113-4438A9E31506}.Release|ARM64.Deploy.0 = Release|ARM
		{828AFD61-12F8-4EE2-8113-4438A9E31506}.Release|x64.ActiveCfg = Release|x64
		{828AFD61-12F8-4EE2-8113-4438A9E31506}.Release|x64.Build.0 = Release|x64
		{828AFD61-12F8-4EE2-8113-4438A9E31506}.Release|x86.ActiveCfg = Release|x64
		{828AFD61-12F8-4EE2-8113-4438A9E31506}.Release|x86.Build.0 = Release|x64
		{C8BB4BBB-4FA2-4A6A-83FB-4DF9C78F015F}.Debug|ARM.ActiveCfg = Debug|ARM
		{C8BB4BBB-4FA2-4A6A-83FB-4DF9C78F015F}.Debug|ARM.Build.0 = Debug|ARM
		{C8BB4BBB-4FA2-4A6A-83FB-4DF9C78F015F}.Debug|ARM.Deploy.0 = Debug|ARM
		{C8BB4BBB-4FA2-4A6A-83FB-4DF9C78F015F}.Debug|ARM64.ActiveCfg = Debug|ARM64
		{C8BB4BBB-4FA2-4A6A-83FB-4DF9C78F015F}.Debug|ARM64.Build.0 = Debug|ARM64
		{C8BB4BBB-4FA2-4A6A-83FB-4DF9C78F015F}.Debug|ARM64.Deploy.0 = Debug|ARM64
		{C8BB4BBB-4FA2-4A6A-83FB-4DF9C78F015F}.Debug|x64.ActiveCfg = Debug|x64
		{C8BB4BBB-4FA2-4A6A-83FB-4DF9C78F015F}.Debug|x64.Build.0 = Debug|x64
		{C8BB4BBB-4FA2-4A6A-83FB-4DF9C78F015F}.Debug|x64.Deploy.0 = Debug|x64
		{C8BB4BBB-4FA2-4A6A-83FB-4DF9C78F015F}.Debug|x86.ActiveCfg = Debug|Win32
		{C8BB4BBB-4FA2-4A6A-83FB-4DF9C78F015F}.Debug|x86.Build.0 = Debug|Win32
		{C8BB4BBB-4FA2-4A6A-83FB-4DF9C78F015F}.Debug|x86.Deploy.0 = Debug|Win32
		{C8BB4BBB-4FA2-4A6A-83FB-4DF9C78F015F}.Release|ARM.ActiveCfg = Release|ARM
		{C8BB4BBB-4FA2-4A6A-83FB-4DF9C78F015F}.Release|ARM.Build.0 = Release|ARM
		{C8BB4BBB-4FA2-4A6A-83FB-4DF9C78F015F}.Release|ARM.Deploy.0 = Release|ARM
		{C8BB4BBB-4FA2-4A6A-83FB-4DF9C78F015F}.Release|ARM64.ActiveCfg = Release|ARM64
		{C8BB4BBB-4FA2-4A6A-83FB-4DF9C78F015F}.Release|ARM64.Build.0 = Release|ARM64
		{C8BB4BBB-4FA2-4A6A-83FB-4DF9C78F015F}.Release|ARM64.Deploy.0 = Release|ARM64
		{C8BB4BBB-4FA2-4A6A-83FB-4DF9C78F015F}.Release|x64.ActiveCfg = Release|x64
		{C8BB4BBB-4FA2-4A6A-83FB-4DF9C78F015F}.Release|x64.Build.0 = Release|x64
		{C8BB4BBB-4FA2-4A6A-83FB-4DF9C78F015F}.Release|x64.Deploy.0 = Release|x64
		{C8BB4BBB-4FA2-4A6A-83FB-4DF9C78F015F}.Release|x86.ActiveCfg = Release|Win32
		{C8BB4BBB-4FA2-4A6A-83FB-4DF9C78F015F}.Release|x86.Build.0 = Release|Win32
		{C8BB4BBB-4FA2-4A6A-83FB-4DF9C78F015F}.Release|x86.Deploy.0 = Release|Win32
		{71064C91-6E62-404F-BD61-C309619DFEBA}.Debug|ARM.ActiveCfg = Debug|ARM
		{71064C91-6E62-404F-BD61-C309619DFEBA}.Debug|ARM.Build.0 = Debug|ARM
		{71064C91-6E62-404F-BD61-C309619DFEBA}.Debug|ARM.Deploy.0 = Debug|ARM
		{71064C91-6E62-404F-BD61-C309619DFEBA}.Debug|ARM64.ActiveCfg = Debug|ARM64
		{71064C91-6E62-404F-BD61-C309619DFEBA}.Debug|ARM64.Build.0 = Debug|ARM64
		{71064C91-6E62-404F-BD61-C309619DFEBA}.Debug|ARM64.Deploy.0 = Debug|ARM64
		{71064C91-6E62-404F-BD61-C309619DFEBA}.Debug|x64.ActiveCfg = Debug|x64
		{71064C91-6E62-404F-BD61-C309619DFEBA}.Debug|x64.Build.0 = Debug|x64
		{71064C91-6E62-404F-BD61-C309619DFEBA}.Debug|x64.Deploy.0 = Debug|x64
		{71064C91-6E62-404F-BD61-C309619DFEBA}.Debug|x86.ActiveCfg = Debug|Win32
		{71064C91-6E62-404F-BD61-C309619DFEBA}.Debug|x86.Build.0 = Debug|Win32
		{71064C91-6E62-404F-BD61-C309619DFEBA}.Debug|x86.Deploy.0 = Debug|Win32
		{71064C91-6E62-404F-BD61-C309619DFEBA}.Release|ARM.ActiveCfg = Release|ARM
		{71064C91-6E62-404F-BD61-C309619DFEBA}.Release|ARM.Build.0 = Release|ARM
		{71064C91-6E62-404F-BD61-C309619DFEBA}.Release|ARM.Deploy.0 = Release|ARM
		{71064C91-6E62-404F-BD61-C309619DFEBA}.Release|ARM64.ActiveCfg = Release|ARM64
		{71064C91-6E62-404F-BD61-C309619DFEBA}.Release|ARM64.Build.0 = Release|ARM64
		{71064C91-6E62-404F-BD61-C309619DFEBA}.Release|ARM64.Deploy.0 = Release|ARM64
		{71064C91-6E62-404F-BD61-C309619DFEBA}.Release|x64.ActiveCfg = Release|x64
		{71064C91-6E62-404F-BD61-C309619DFEBA}.Release|x64.Build.0 = Release|x64
		{71064C91-6E62-404F-BD61-C309619DFEBA}.Release|x64.Deploy.0 = Release|x64
		{71064C91-6E62-404F-BD61-C309619DFEBA}.Release|x86.ActiveCfg = Release|Win32
		{71064C91-6E62-404F-BD61-C309619DFEBA}.Release|x86.Build.0 = Release|Win32
		{71064C91-6E62-404F-BD61-C309619DFEBA}.Release|x86.Deploy.0 = Release|Win32
	EndGlobalSection
	GlobalSection(SolutionProperties) = preSolution
		HideSolutionNode = FALSE
	EndGlobalSection
	GlobalSection(ExtensibilityGlobals) = postSolution
		SolutionGuid = {000E0A99-3A1D-4F3E-BCD6-9BCF09384EBC}
	EndGlobalSection
EndGlobal
