
Microsoft Visual Studio Solution File, Format Version 12.00
# Visual Studio 15
VisualStudioVersion = 15.0.28010.2050
MinimumVisualStudioVersion = 10.0.40219.1
Project("{8BC9CEB8-8B4A-11D0-8D11-00A0C91BC942}") = "控制台版", "控制台版\控制台版.vcxproj", "{D0FB1002-CF38-466F-8D58-25829D4ABF9A}"
EndProject
Project("{8BC9CEB8-8B4A-11D0-8D11-00A0C91BC942}") = "RW2", "RW2\RW2.vcxproj", "{71064C91-6E62-404F-BD61-C309619DFEBA}"
EndProject
Project("{8BC9CEB8-8B4A-11D0-8D11-00A0C91BC942}") = "控制台按键版", "按键版\按键版.vcxproj", "{0F908FD8-27BE-437F-94C1-0EA228BA9351}"
EndProject
Project("{8BC9CEB8-8B4A-11D0-8D11-00A0C91BC942}") = "控制台内存版", "控制台内存版\控制台内存版.vcxproj", "{70D17F32-F354-454E-908C-45A2C16E540F}"
	ProjectSection(ProjectDependencies) = postProject
		{1B79BE28-71C4-4031-B326-DD2E2C95900D} = {1B79BE28-71C4-4031-B326-DD2E2C95900D}
		{75A7A641-E8CC-46A9-A318-5D3805B5E45D} = {75A7A641-E8CC-46A9-A318-5D3805B5E45D}
		{AD4C60AE-FE75-46EA-83D4-2DECE06DE976} = {AD4C60AE-FE75-46EA-83D4-2DECE06DE976}
		{2E93C6B0-0CAE-48DF-83C7-5C1C6DD5382D} = {2E93C6B0-0CAE-48DF-83C7-5C1C6DD5382D}
		{DCB04AE5-D068-4BAE-B515-AFBDD42A3C6E} = {DCB04AE5-D068-4BAE-B515-AFBDD42A3C6E}
	EndProjectSection
EndProject
Project("{2150E333-8FDC-42A3-9474-1A3956D46DE8}") = "library", "library", "{1C23E0C8-8744-4741-862D-8807AA63E565}"
EndProject
Project("{8BC9CEB8-8B4A-11D0-8D11-00A0C91BC942}") = "utils", "utils\utils.vcxproj", "{AD4C60AE-FE75-46EA-83D4-2DECE06DE976}"
EndProject
Project("{8BC9CEB8-8B4A-11D0-8D11-00A0C91BC942}") = "msdk", "msdk\msdk.vcxproj", "{2E93C6B0-0CAE-48DF-83C7-5C1C6DD5382D}"
EndProject
Project("{8BC9CEB8-8B4A-11D0-8D11-00A0C91BC942}") = "memory", "memory\memory.vcxproj", "{DCB04AE5-D068-4BAE-B515-AFBDD42A3C6E}"
EndProject
Project("{8BC9CEB8-8B4A-11D0-8D11-00A0C91BC942}") = "memory_loader", "memory_loader\memory_loader.vcxproj", "{1B79BE28-71C4-4031-B326-DD2E2C95900D}"
EndProject
Project("{8BC9CEB8-8B4A-11D0-8D11-00A0C91BC942}") = "astar", "astar\astar.vcxproj", "{75A7A641-E8CC-46A9-A318-5D3805B5E45D}"
EndProject
Project("{2150E333-8FDC-42A3-9474-1A3956D46DE8}") = "common", "common", "{6E2A7787-5FBD-4FCF-8437-06063BEE97F1}"
	ProjectSection(SolutionItems) = preProject
		consts.h = consts.h
	EndProjectSection
EndProject
Project("{8BC9CEB8-8B4A-11D0-8D11-00A0C91BC942}") = "rw2tesat", "rw2tesat\rw2tesat.vcxproj", "{428532BA-5631-42CB-9810-1BD222186752}"
EndProject
Project("{8BC9CEB8-8B4A-11D0-8D11-00A0C91BC942}") = "RW3", "RW3\RW3.vcxproj", "{1593F157-EC3F-4913-9389-2A0D8FC3DE61}"
EndProject
Project("{8BC9CEB8-8B4A-11D0-8D11-00A0C91BC942}") = "RW4", "RW4\RW4.vcxproj", "{403ECF7C-65F5-4891-803D-6807369B8E2F}"
EndProject
Global
	GlobalSection(SolutionConfigurationPlatforms) = preSolution
		Debug|ARM = Debug|ARM
		Debug|ARM64 = Debug|ARM64
		Debug|x64 = Debug|x64
		Debug|x86 = Debug|x86
		Release|ARM = Release|ARM
		Release|ARM64 = Release|ARM64
		Release|x64 = Release|x64
		Release|x86 = Release|x86
	EndGlobalSection
	GlobalSection(ProjectConfigurationPlatforms) = postSolution
		{D0FB1002-CF38-466F-8D58-25829D4ABF9A}.Debug|ARM.ActiveCfg = Debug|Win32
		{D0FB1002-CF38-466F-8D58-25829D4ABF9A}.Debug|ARM64.ActiveCfg = Debug|Win32
		{D0FB1002-CF38-466F-8D58-25829D4ABF9A}.Debug|x64.ActiveCfg = Debug|x64
		{D0FB1002-CF38-466F-8D58-25829D4ABF9A}.Debug|x64.Build.0 = Debug|x64
		{D0FB1002-CF38-466F-8D58-25829D4ABF9A}.Debug|x86.ActiveCfg = Debug|Win32
		{D0FB1002-CF38-466F-8D58-25829D4ABF9A}.Debug|x86.Build.0 = Debug|Win32
		{D0FB1002-CF38-466F-8D58-25829D4ABF9A}.Release|ARM.ActiveCfg = Release|Win32
		{D0FB1002-CF38-466F-8D58-25829D4ABF9A}.Release|ARM64.ActiveCfg = Release|Win32
		{D0FB1002-CF38-466F-8D58-25829D4ABF9A}.Release|x64.ActiveCfg = Release|x64
		{D0FB1002-CF38-466F-8D58-25829D4ABF9A}.Release|x64.Build.0 = Release|x64
		{D0FB1002-CF38-466F-8D58-25829D4ABF9A}.Release|x86.ActiveCfg = Release|Win32
		{D0FB1002-CF38-466F-8D58-25829D4ABF9A}.Release|x86.Build.0 = Release|Win32
		{71064C91-6E62-404F-BD61-C309619DFEBA}.Debug|ARM.ActiveCfg = Debug|ARM
		{71064C91-6E62-404F-BD61-C309619DFEBA}.Debug|ARM.Build.0 = Debug|ARM
		{71064C91-6E62-404F-BD61-C309619DFEBA}.Debug|ARM.Deploy.0 = Debug|ARM
		{71064C91-6E62-404F-BD61-C309619DFEBA}.Debug|ARM64.ActiveCfg = Debug|ARM64
		{71064C91-6E62-404F-BD61-C309619DFEBA}.Debug|ARM64.Build.0 = Debug|ARM64
		{71064C91-6E62-404F-BD61-C309619DFEBA}.Debug|ARM64.Deploy.0 = Debug|ARM64
		{71064C91-6E62-404F-BD61-C309619DFEBA}.Debug|x64.ActiveCfg = Debug|x64
		{71064C91-6E62-404F-BD61-C309619DFEBA}.Debug|x64.Build.0 = Debug|x64
		{71064C91-6E62-404F-BD61-C309619DFEBA}.Debug|x64.Deploy.0 = Debug|x64
		{71064C91-6E62-404F-BD61-C309619DFEBA}.Debug|x86.ActiveCfg = Debug|Win32
		{71064C91-6E62-404F-BD61-C309619DFEBA}.Debug|x86.Build.0 = Debug|Win32
		{71064C91-6E62-404F-BD61-C309619DFEBA}.Debug|x86.Deploy.0 = Debug|Win32
		{71064C91-6E62-404F-BD61-C309619DFEBA}.Release|ARM.ActiveCfg = Release|ARM
		{71064C91-6E62-404F-BD61-C309619DFEBA}.Release|ARM.Build.0 = Release|ARM
		{71064C91-6E62-404F-BD61-C309619DFEBA}.Release|ARM.Deploy.0 = Release|ARM
		{71064C91-6E62-404F-BD61-C309619DFEBA}.Release|ARM64.ActiveCfg = Release|ARM64
		{71064C91-6E62-404F-BD61-C309619DFEBA}.Release|ARM64.Build.0 = Release|ARM64
		{71064C91-6E62-404F-BD61-C309619DFEBA}.Release|ARM64.Deploy.0 = Release|ARM64
		{71064C91-6E62-404F-BD61-C309619DFEBA}.Release|x64.ActiveCfg = Release|x64
		{71064C91-6E62-404F-BD61-C309619DFEBA}.Release|x64.Build.0 = Release|x64
		{71064C91-6E62-404F-BD61-C309619DFEBA}.Release|x64.Deploy.0 = Release|x64
		{71064C91-6E62-404F-BD61-C309619DFEBA}.Release|x86.ActiveCfg = Release|Win32
		{71064C91-6E62-404F-BD61-C309619DFEBA}.Release|x86.Build.0 = Release|Win32
		{71064C91-6E62-404F-BD61-C309619DFEBA}.Release|x86.Deploy.0 = Release|Win32
		{0F908FD8-27BE-437F-94C1-0EA228BA9351}.Debug|ARM.ActiveCfg = Debug|Win32
		{0F908FD8-27BE-437F-94C1-0EA228BA9351}.Debug|ARM64.ActiveCfg = Debug|Win32
		{0F908FD8-27BE-437F-94C1-0EA228BA9351}.Debug|x64.ActiveCfg = Debug|x64
		{0F908FD8-27BE-437F-94C1-0EA228BA9351}.Debug|x64.Build.0 = Debug|x64
		{0F908FD8-27BE-437F-94C1-0EA228BA9351}.Debug|x86.ActiveCfg = Debug|Win32
		{0F908FD8-27BE-437F-94C1-0EA228BA9351}.Debug|x86.Build.0 = Debug|Win32
		{0F908FD8-27BE-437F-94C1-0EA228BA9351}.Release|ARM.ActiveCfg = Release|Win32
		{0F908FD8-27BE-437F-94C1-0EA228BA9351}.Release|ARM64.ActiveCfg = Release|Win32
		{0F908FD8-27BE-437F-94C1-0EA228BA9351}.Release|x64.ActiveCfg = Release|x64
		{0F908FD8-27BE-437F-94C1-0EA228BA9351}.Release|x64.Build.0 = Release|x64
		{0F908FD8-27BE-437F-94C1-0EA228BA9351}.Release|x86.ActiveCfg = Release|Win32
		{0F908FD8-27BE-437F-94C1-0EA228BA9351}.Release|x86.Build.0 = Release|Win32
		{70D17F32-F354-454E-908C-45A2C16E540F}.Debug|ARM.ActiveCfg = Debug|Win32
		{70D17F32-F354-454E-908C-45A2C16E540F}.Debug|ARM64.ActiveCfg = Debug|Win32
		{70D17F32-F354-454E-908C-45A2C16E540F}.Debug|x64.ActiveCfg = Debug|x64
		{70D17F32-F354-454E-908C-45A2C16E540F}.Debug|x64.Build.0 = Debug|x64
		{70D17F32-F354-454E-908C-45A2C16E540F}.Debug|x86.ActiveCfg = Debug|Win32
		{70D17F32-F354-454E-908C-45A2C16E540F}.Debug|x86.Build.0 = Debug|Win32
		{70D17F32-F354-454E-908C-45A2C16E540F}.Release|ARM.ActiveCfg = Release|Win32
		{70D17F32-F354-454E-908C-45A2C16E540F}.Release|ARM64.ActiveCfg = Release|Win32
		{70D17F32-F354-454E-908C-45A2C16E540F}.Release|x64.ActiveCfg = Release|x64
		{70D17F32-F354-454E-908C-45A2C16E540F}.Release|x64.Build.0 = Release|x64
		{70D17F32-F354-454E-908C-45A2C16E540F}.Release|x86.ActiveCfg = Release|Win32
		{70D17F32-F354-454E-908C-45A2C16E540F}.Release|x86.Build.0 = Release|Win32
		{AD4C60AE-FE75-46EA-83D4-2DECE06DE976}.Debug|ARM.ActiveCfg = Debug|Win32
		{AD4C60AE-FE75-46EA-83D4-2DECE06DE976}.Debug|ARM64.ActiveCfg = Debug|Win32
		{AD4C60AE-FE75-46EA-83D4-2DECE06DE976}.Debug|x64.ActiveCfg = Debug|x64
		{AD4C60AE-FE75-46EA-83D4-2DECE06DE976}.Debug|x64.Build.0 = Debug|x64
		{AD4C60AE-FE75-46EA-83D4-2DECE06DE976}.Debug|x86.ActiveCfg = Debug|Win32
		{AD4C60AE-FE75-46EA-83D4-2DECE06DE976}.Debug|x86.Build.0 = Debug|Win32
		{AD4C60AE-FE75-46EA-83D4-2DECE06DE976}.Release|ARM.ActiveCfg = Release|Win32
		{AD4C60AE-FE75-46EA-83D4-2DECE06DE976}.Release|ARM64.ActiveCfg = Release|Win32
		{AD4C60AE-FE75-46EA-83D4-2DECE06DE976}.Release|x64.ActiveCfg = Release|x64
		{AD4C60AE-FE75-46EA-83D4-2DECE06DE976}.Release|x64.Build.0 = Release|x64
		{AD4C60AE-FE75-46EA-83D4-2DECE06DE976}.Release|x86.ActiveCfg = Release|Win32
		{AD4C60AE-FE75-46EA-83D4-2DECE06DE976}.Release|x86.Build.0 = Release|Win32
		{2E93C6B0-0CAE-48DF-83C7-5C1C6DD5382D}.Debug|ARM.ActiveCfg = Debug|Win32
		{2E93C6B0-0CAE-48DF-83C7-5C1C6DD5382D}.Debug|ARM64.ActiveCfg = Debug|Win32
		{2E93C6B0-0CAE-48DF-83C7-5C1C6DD5382D}.Debug|x64.ActiveCfg = Debug|x64
		{2E93C6B0-0CAE-48DF-83C7-5C1C6DD5382D}.Debug|x64.Build.0 = Debug|x64
		{2E93C6B0-0CAE-48DF-83C7-5C1C6DD5382D}.Debug|x86.ActiveCfg = Debug|Win32
		{2E93C6B0-0CAE-48DF-83C7-5C1C6DD5382D}.Debug|x86.Build.0 = Debug|Win32
		{2E93C6B0-0CAE-48DF-83C7-5C1C6DD5382D}.Release|ARM.ActiveCfg = Release|Win32
		{2E93C6B0-0CAE-48DF-83C7-5C1C6DD5382D}.Release|ARM64.ActiveCfg = Release|Win32
		{2E93C6B0-0CAE-48DF-83C7-5C1C6DD5382D}.Release|x64.ActiveCfg = Release|x64
		{2E93C6B0-0CAE-48DF-83C7-5C1C6DD5382D}.Release|x64.Build.0 = Release|x64
		{2E93C6B0-0CAE-48DF-83C7-5C1C6DD5382D}.Release|x86.ActiveCfg = Release|Win32
		{2E93C6B0-0CAE-48DF-83C7-5C1C6DD5382D}.Release|x86.Build.0 = Release|Win32
		{DCB04AE5-D068-4BAE-B515-AFBDD42A3C6E}.Debug|ARM.ActiveCfg = Debug|Win32
		{DCB04AE5-D068-4BAE-B515-AFBDD42A3C6E}.Debug|ARM64.ActiveCfg = Debug|Win32
		{DCB04AE5-D068-4BAE-B515-AFBDD42A3C6E}.Debug|x64.ActiveCfg = Debug|x64
		{DCB04AE5-D068-4BAE-B515-AFBDD42A3C6E}.Debug|x64.Build.0 = Debug|x64
		{DCB04AE5-D068-4BAE-B515-AFBDD42A3C6E}.Debug|x86.ActiveCfg = Debug|Win32
		{DCB04AE5-D068-4BAE-B515-AFBDD42A3C6E}.Debug|x86.Build.0 = Debug|Win32
		{DCB04AE5-D068-4BAE-B515-AFBDD42A3C6E}.Release|ARM.ActiveCfg = Release|Win32
		{DCB04AE5-D068-4BAE-B515-AFBDD42A3C6E}.Release|ARM64.ActiveCfg = Release|Win32
		{DCB04AE5-D068-4BAE-B515-AFBDD42A3C6E}.Release|x64.ActiveCfg = Release|x64
		{DCB04AE5-D068-4BAE-B515-AFBDD42A3C6E}.Release|x64.Build.0 = Release|x64
		{DCB04AE5-D068-4BAE-B515-AFBDD42A3C6E}.Release|x86.ActiveCfg = Release|Win32
		{DCB04AE5-D068-4BAE-B515-AFBDD42A3C6E}.Release|x86.Build.0 = Release|Win32
		{1B79BE28-71C4-4031-B326-DD2E2C95900D}.Debug|ARM.ActiveCfg = Debug|Win32
		{1B79BE28-71C4-4031-B326-DD2E2C95900D}.Debug|ARM64.ActiveCfg = Debug|Win32
		{1B79BE28-71C4-4031-B326-DD2E2C95900D}.Debug|x64.ActiveCfg = Debug|x64
		{1B79BE28-71C4-4031-B326-DD2E2C95900D}.Debug|x64.Build.0 = Debug|x64
		{1B79BE28-71C4-4031-B326-DD2E2C95900D}.Debug|x86.ActiveCfg = Debug|Win32
		{1B79BE28-71C4-4031-B326-DD2E2C95900D}.Debug|x86.Build.0 = Debug|Win32
		{1B79BE28-71C4-4031-B326-DD2E2C95900D}.Release|ARM.ActiveCfg = Release|Win32
		{1B79BE28-71C4-4031-B326-DD2E2C95900D}.Release|ARM64.ActiveCfg = Release|Win32
		{1B79BE28-71C4-4031-B326-DD2E2C95900D}.Release|x64.ActiveCfg = Release|x64
		{1B79BE28-71C4-4031-B326-DD2E2C95900D}.Release|x64.Build.0 = Release|x64
		{1B79BE28-71C4-4031-B326-DD2E2C95900D}.Release|x86.ActiveCfg = Release|Win32
		{1B79BE28-71C4-4031-B326-DD2E2C95900D}.Release|x86.Build.0 = Release|Win32
		{75A7A641-E8CC-46A9-A318-5D3805B5E45D}.Debug|ARM.ActiveCfg = Debug|Win32
		{75A7A641-E8CC-46A9-A318-5D3805B5E45D}.Debug|ARM64.ActiveCfg = Debug|Win32
		{75A7A641-E8CC-46A9-A318-5D3805B5E45D}.Debug|x64.ActiveCfg = Debug|x64
		{75A7A641-E8CC-46A9-A318-5D3805B5E45D}.Debug|x64.Build.0 = Debug|x64
		{75A7A641-E8CC-46A9-A318-5D3805B5E45D}.Debug|x86.ActiveCfg = Debug|Win32
		{75A7A641-E8CC-46A9-A318-5D3805B5E45D}.Debug|x86.Build.0 = Debug|Win32
		{75A7A641-E8CC-46A9-A318-5D3805B5E45D}.Release|ARM.ActiveCfg = Release|Win32
		{75A7A641-E8CC-46A9-A318-5D3805B5E45D}.Release|ARM64.ActiveCfg = Release|Win32
		{75A7A641-E8CC-46A9-A318-5D3805B5E45D}.Release|x64.ActiveCfg = Release|x64
		{75A7A641-E8CC-46A9-A318-5D3805B5E45D}.Release|x64.Build.0 = Release|x64
		{75A7A641-E8CC-46A9-A318-5D3805B5E45D}.Release|x86.ActiveCfg = Release|Win32
		{75A7A641-E8CC-46A9-A318-5D3805B5E45D}.Release|x86.Build.0 = Release|Win32
		{428532BA-5631-42CB-9810-1BD222186752}.Debug|ARM.ActiveCfg = Debug|Win32
		{428532BA-5631-42CB-9810-1BD222186752}.Debug|ARM64.ActiveCfg = Debug|Win32
		{428532BA-5631-42CB-9810-1BD222186752}.Debug|x64.ActiveCfg = Debug|x64
		{428532BA-5631-42CB-9810-1BD222186752}.Debug|x64.Build.0 = Debug|x64
		{428532BA-5631-42CB-9810-1BD222186752}.Debug|x86.ActiveCfg = Debug|Win32
		{428532BA-5631-42CB-9810-1BD222186752}.Debug|x86.Build.0 = Debug|Win32
		{428532BA-5631-42CB-9810-1BD222186752}.Release|ARM.ActiveCfg = Release|Win32
		{428532BA-5631-42CB-9810-1BD222186752}.Release|ARM64.ActiveCfg = Release|Win32
		{428532BA-5631-42CB-9810-1BD222186752}.Release|x64.ActiveCfg = Release|x64
		{428532BA-5631-42CB-9810-1BD222186752}.Release|x64.Build.0 = Release|x64
		{428532BA-5631-42CB-9810-1BD222186752}.Release|x86.ActiveCfg = Release|Win32
		{428532BA-5631-42CB-9810-1BD222186752}.Release|x86.Build.0 = Release|Win32
		{1593F157-EC3F-4913-9389-2A0D8FC3DE61}.Debug|ARM.ActiveCfg = Debug|ARM
		{1593F157-EC3F-4913-9389-2A0D8FC3DE61}.Debug|ARM.Build.0 = Debug|ARM
		{1593F157-EC3F-4913-9389-2A0D8FC3DE61}.Debug|ARM.Deploy.0 = Debug|ARM
		{1593F157-EC3F-4913-9389-2A0D8FC3DE61}.Debug|ARM64.ActiveCfg = Debug|ARM64
		{1593F157-EC3F-4913-9389-2A0D8FC3DE61}.Debug|ARM64.Build.0 = Debug|ARM64
		{1593F157-EC3F-4913-9389-2A0D8FC3DE61}.Debug|ARM64.Deploy.0 = Debug|ARM64
		{1593F157-EC3F-4913-9389-2A0D8FC3DE61}.Debug|x64.ActiveCfg = Debug|x64
		{1593F157-EC3F-4913-9389-2A0D8FC3DE61}.Debug|x64.Build.0 = Debug|x64
		{1593F157-EC3F-4913-9389-2A0D8FC3DE61}.Debug|x64.Deploy.0 = Debug|x64
		{1593F157-EC3F-4913-9389-2A0D8FC3DE61}.Debug|x86.ActiveCfg = Debug|Win32
		{1593F157-EC3F-4913-9389-2A0D8FC3DE61}.Debug|x86.Build.0 = Debug|Win32
		{1593F157-EC3F-4913-9389-2A0D8FC3DE61}.Debug|x86.Deploy.0 = Debug|Win32
		{1593F157-EC3F-4913-9389-2A0D8FC3DE61}.Release|ARM.ActiveCfg = Release|ARM
		{1593F157-EC3F-4913-9389-2A0D8FC3DE61}.Release|ARM.Build.0 = Release|ARM
		{1593F157-EC3F-4913-9389-2A0D8FC3DE61}.Release|ARM.Deploy.0 = Release|ARM
		{1593F157-EC3F-4913-9389-2A0D8FC3DE61}.Release|ARM64.ActiveCfg = Release|ARM64
		{1593F157-EC3F-4913-9389-2A0D8FC3DE61}.Release|ARM64.Build.0 = Release|ARM64
		{1593F157-EC3F-4913-9389-2A0D8FC3DE61}.Release|ARM64.Deploy.0 = Release|ARM64
		{1593F157-EC3F-4913-9389-2A0D8FC3DE61}.Release|x64.ActiveCfg = Release|x64
		{1593F157-EC3F-4913-9389-2A0D8FC3DE61}.Release|x64.Build.0 = Release|x64
		{1593F157-EC3F-4913-9389-2A0D8FC3DE61}.Release|x64.Deploy.0 = Release|x64
		{1593F157-EC3F-4913-9389-2A0D8FC3DE61}.Release|x86.ActiveCfg = Release|Win32
		{1593F157-EC3F-4913-9389-2A0D8FC3DE61}.Release|x86.Build.0 = Release|Win32
		{1593F157-EC3F-4913-9389-2A0D8FC3DE61}.Release|x86.Deploy.0 = Release|Win32
		{403ECF7C-65F5-4891-803D-6807369B8E2F}.Debug|ARM.ActiveCfg = Debug|ARM
		{403ECF7C-65F5-4891-803D-6807369B8E2F}.Debug|ARM.Build.0 = Debug|ARM
		{403ECF7C-65F5-4891-803D-6807369B8E2F}.Debug|ARM.Deploy.0 = Debug|ARM
		{403ECF7C-65F5-4891-803D-6807369B8E2F}.Debug|ARM64.ActiveCfg = Debug|ARM64
		{403ECF7C-65F5-4891-803D-6807369B8E2F}.Debug|ARM64.Build.0 = Debug|ARM64
		{403ECF7C-65F5-4891-803D-6807369B8E2F}.Debug|ARM64.Deploy.0 = Debug|ARM64
		{403ECF7C-65F5-4891-803D-6807369B8E2F}.Debug|x64.ActiveCfg = Debug|x64
		{403ECF7C-65F5-4891-803D-6807369B8E2F}.Debug|x64.Build.0 = Debug|x64
		{403ECF7C-65F5-4891-803D-6807369B8E2F}.Debug|x64.Deploy.0 = Debug|x64
		{403ECF7C-65F5-4891-803D-6807369B8E2F}.Debug|x86.ActiveCfg = Debug|Win32
		{403ECF7C-65F5-4891-803D-6807369B8E2F}.Debug|x86.Build.0 = Debug|Win32
		{403ECF7C-65F5-4891-803D-6807369B8E2F}.Debug|x86.Deploy.0 = Debug|Win32
		{403ECF7C-65F5-4891-803D-6807369B8E2F}.Release|ARM.ActiveCfg = Release|ARM
		{403ECF7C-65F5-4891-803D-6807369B8E2F}.Release|ARM.Build.0 = Release|ARM
		{403ECF7C-65F5-4891-803D-6807369B8E2F}.Release|ARM.Deploy.0 = Release|ARM
		{403ECF7C-65F5-4891-803D-6807369B8E2F}.Release|ARM64.ActiveCfg = Release|ARM64
		{403ECF7C-65F5-4891-803D-6807369B8E2F}.Release|ARM64.Build.0 = Release|ARM64
		{403ECF7C-65F5-4891-803D-6807369B8E2F}.Release|ARM64.Deploy.0 = Release|ARM64
		{403ECF7C-65F5-4891-803D-6807369B8E2F}.Release|x64.ActiveCfg = Release|x64
		{403ECF7C-65F5-4891-803D-6807369B8E2F}.Release|x64.Build.0 = Release|x64
		{403ECF7C-65F5-4891-803D-6807369B8E2F}.Release|x64.Deploy.0 = Release|x64
		{403ECF7C-65F5-4891-803D-6807369B8E2F}.Release|x86.ActiveCfg = Release|Win32
		{403ECF7C-65F5-4891-803D-6807369B8E2F}.Release|x86.Build.0 = Release|Win32
		{403ECF7C-65F5-4891-803D-6807369B8E2F}.Release|x86.Deploy.0 = Release|Win32
	EndGlobalSection
	GlobalSection(SolutionProperties) = preSolution
		HideSolutionNode = FALSE
	EndGlobalSection
	GlobalSection(NestedProjects) = preSolution
		{AD4C60AE-FE75-46EA-83D4-2DECE06DE976} = {1C23E0C8-8744-4741-862D-8807AA63E565}
		{2E93C6B0-0CAE-48DF-83C7-5C1C6DD5382D} = {1C23E0C8-8744-4741-862D-8807AA63E565}
		{DCB04AE5-D068-4BAE-B515-AFBDD42A3C6E} = {1C23E0C8-8744-4741-862D-8807AA63E565}
		{1B79BE28-71C4-4031-B326-DD2E2C95900D} = {1C23E0C8-8744-4741-862D-8807AA63E565}
		{75A7A641-E8CC-46A9-A318-5D3805B5E45D} = {1C23E0C8-8744-4741-862D-8807AA63E565}
	EndGlobalSection
	GlobalSection(ExtensibilityGlobals) = postSolution
		SolutionGuid = {000E0A99-3A1D-4F3E-BCD6-9BCF09384EBC}
	EndGlobalSection
EndGlobal
